<Solution>
  <Project Path="ProceduralToolkit.csproj" />
  <Project Path="MoreMountains.Feedbacks.URP.csproj" />
  <Project Path="MoreMountains.Tools.csproj" />
  <Project Path="CleanFlatUI.csproj" />
  <Project Path="MoreMountains.TopDownEngine.csproj" />
  <Project Path="MoreMountains.Feedbacks.csproj" />
  <Project Path="Assembly-CSharp.csproj" />
  <Project Path="MoreMountains.Feedbacks.NiceVibrations.csproj" />
  <Project Path="MoreMountains.Feedbacks.TextMeshPro.csproj" />
  <Project Path="ProceduralToolkit.Samples.csproj" />
  <Project Path="MoreMountains.Feedbacks.Editor.csproj" />
  <Project Path="MoreMountains.Tools.Editor.csproj" />
  <Project Path="CleanFlatUIEditor.csproj" />
  <Project Path="MoreMountains.TopDownEngine.Editor.csproj" />
  <Project Path="MoreMountains.Feedbacks.MMTools.csproj" />
  <Project Path="AllIn1VfxAssmebly.csproj" />
  <Project Path="MoreMountains.Interface.Editor.csproj" />
  <Project Path="MoreMountains.InventoryEngine.csproj" />
  <Project Path="MoreMountains.Feedbacks.HDRP.csproj" />
  <Project Path="ProceduralToolkit.ClipperLib.csproj" />
  <Project Path="Assembly-CSharp-Editor.csproj" />
  <Project Path="MoreMountains.Feedbacks.PostProcessing.csproj" />
  <Project Path="AiToolbox.Samples.csproj" />
  <Project Path="MoreMountains.Feedbacks.Cinemachine.csproj" />
  <Project Path="AllIn1VfxDemoScriptAssemblies.csproj" />
  <Project Path="MoreMountains.InventoryEngine.Editor.csproj" />
  <Project Path="NavMeshComponentsEditor.csproj" />
  <Project Path="NavMeshComponents.csproj" />
  <Project Path="ProceduralToolkit.Editor.csproj" />
  <Project Path="AllIn1VfxTexDemoAssembly.csproj" />
  <Project Path="ProceduralToolkit.LibTessDotNet.csproj" />
  <Project Path="MoreMountains.Interface.csproj" />
  <Project Path="ProceduralToolkit.Samples.Buildings.Editor.csproj" />
  <Project Path="AiToolbox.csproj" />
  <Project Path="ProceduralToolkit.Samples.Chairs.Editor.csproj" />
  <Project Path="MoreMountains.Feedbacks.Authorizations.csproj" />
  <Project Path="ProceduralToolkit.Samples.LowPolyTerrain.Editor.csproj" />
  <Project Path="ProceduralToolkit.FastNoiseLib.csproj" />
</Solution>
